
Microsoft Visual Studio Solution File, Format Version 12.00
# Visual Studio Version 17
VisualStudioVersion = 17.4.33122.133
MinimumVisualStudioVersion = 10.0.40219.1
Project("{9A19103F-16F7-4668-BE54-9A1E7A4F7556}") = "CarRentalApi", "CarRentalApi.csproj", "{4B390F3E-FE75-49AF-A241-5751F96399FF}"
EndProject
Global
	GlobalSection(SolutionConfigurationPlatforms) = preSolution
		Debug|Any CPU = Debug|Any CPU
		Release|Any CPU = Release|Any CPU
	EndGlobalSection
	GlobalSection(ProjectConfigurationPlatforms) = postSolution
		{4B390F3E-FE75-49AF-A241-5751F96399FF}.Debug|Any CPU.ActiveCfg = Debug|Any CPU
		{4B390F3E-FE75-49AF-A241-5751F96399FF}.Debug|Any CPU.Build.0 = Debug|Any CPU
		{4B390F3E-FE75-49AF-A241-5751F96399FF}.Release|Any CPU.ActiveCfg = Release|Any CPU
		{4B390F3E-FE75-49AF-A241-5751F96399FF}.Release|Any CPU.Build.0 = Release|Any CPU
	EndGlobalSection
	GlobalSection(SolutionProperties) = preSolution
		HideSolutionNode = FALSE
	EndGlobalSection
	GlobalSection(ExtensibilityGlobals) = postSolution
		SolutionGuid = {DAC23198-831E-4938-AC80-6670409DDE1F}
	EndGlobalSection
EndGlobal
